
Microsoft Visual Studio Solution File, Format Version 11.00
# Visual Studio 2010
Project("{FAE04EC0-301F-11D3-BF4B-00C04F79EFBC}") = "DevTrends.MvcDonutCaching", "DevTrends.MvcDonutCaching\DevTrends.MvcDonutCaching.csproj", "{854E90C7-8320-4EB6-A286-24A8EE5EBE9B}"
EndProject
Global
	GlobalSection(SolutionConfigurationPlatforms) = preSolution
		Debug|Any CPU = Debug|Any CPU
		Release|Any CPU = Release|Any CPU
	EndGlobalSection
	GlobalSection(ProjectConfigurationPlatforms) = postSolution
		{854E90C7-8320-4EB6-A286-24A8EE5EBE9B}.Debug|Any CPU.ActiveCfg = Debug|Any CPU
		{854E90C7-8320-4EB6-A286-24A8EE5EBE9B}.Debug|Any CPU.Build.0 = Debug|Any CPU
		{854E90C7-8320-4EB6-A286-24A8EE5EBE9B}.Release|Any CPU.ActiveCfg = Release|Any CPU
		{854E90C7-8320-4EB6-A286-24A8EE5EBE9B}.Release|Any CPU.Build.0 = Release|Any CPU
	EndGlobalSection
	GlobalSection(SolutionProperties) = preSolution
		HideSolutionNode = FALSE
	EndGlobalSection
EndGlobal
