
Microsoft Visual Studio Solution File, Format Version 12.00
# Visual Studio 2013
VisualStudioVersion = 12.0.30501.0
MinimumVisualStudioVersion = 10.0.40219.1
Project("{FAE04EC0-301F-11D3-BF4B-00C04F79EFBC}") = "MvcDonutCaching", "DevTrends.MvcDonutCaching\MvcDonutCaching.csproj", "{854E90C7-8320-4EB6-A286-24A8EE5EBE9B}"
EndProject
Project("{FAE04EC0-301F-11D3-BF4B-00C04F79EFBC}") = "MvcDonutCaching.Demo", "DevTrends.MvcDonutCaching.Demo\MvcDonutCaching.Demo.csproj", "{2C31E962-9616-4292-9DB6-52E40CB07E19}"
EndProject
Project("{FAE04EC0-301F-11D3-BF4B-00C04F79EFBC}") = "MvcDonutCaching.UnitTests", "MvcDonutCaching.UnitTests\MvcDonutCaching.UnitTests.csproj", "{5D4EBC19-BA50-4356-B4EA-EB9034529194}"
EndProject
Global
	GlobalSection(SolutionConfigurationPlatforms) = preSolution
		CI|Any CPU = CI|Any CPU
		Debug|Any CPU = Debug|Any CPU
		Release.Public|Any CPU = Release.Public|Any CPU
		Release|Any CPU = Release|Any CPU
	EndGlobalSection
	GlobalSection(ProjectConfigurationPlatforms) = postSolution
		{854E90C7-8320-4EB6-A286-24A8EE5EBE9B}.CI|Any CPU.ActiveCfg = CI|Any CPU
		{854E90C7-8320-4EB6-A286-24A8EE5EBE9B}.CI|Any CPU.Build.0 = CI|Any CPU
		{854E90C7-8320-4EB6-A286-24A8EE5EBE9B}.Debug|Any CPU.ActiveCfg = Debug|Any CPU
		{854E90C7-8320-4EB6-A286-24A8EE5EBE9B}.Debug|Any CPU.Build.0 = Debug|Any CPU
		{854E90C7-8320-4EB6-A286-24A8EE5EBE9B}.Release.Public|Any CPU.ActiveCfg = Release.Public|Any CPU
		{854E90C7-8320-4EB6-A286-24A8EE5EBE9B}.Release.Public|Any CPU.Build.0 = Release.Public|Any CPU
		{854E90C7-8320-4EB6-A286-24A8EE5EBE9B}.Release|Any CPU.ActiveCfg = Release|Any CPU
		{854E90C7-8320-4EB6-A286-24A8EE5EBE9B}.Release|Any CPU.Build.0 = Release|Any CPU
		{2C31E962-9616-4292-9DB6-52E40CB07E19}.CI|Any CPU.ActiveCfg = CI|Any CPU
		{2C31E962-9616-4292-9DB6-52E40CB07E19}.Debug|Any CPU.ActiveCfg = Debug|Any CPU
		{2C31E962-9616-4292-9DB6-52E40CB07E19}.Debug|Any CPU.Build.0 = Debug|Any CPU
		{2C31E962-9616-4292-9DB6-52E40CB07E19}.Release.Public|Any CPU.ActiveCfg = Release|Any CPU
		{2C31E962-9616-4292-9DB6-52E40CB07E19}.Release|Any CPU.ActiveCfg = Release|Any CPU
		{2C31E962-9616-4292-9DB6-52E40CB07E19}.Release|Any CPU.Build.0 = Release|Any CPU
		{5D4EBC19-BA50-4356-B4EA-EB9034529194}.CI|Any CPU.ActiveCfg = Release|Any CPU
		{5D4EBC19-BA50-4356-B4EA-EB9034529194}.CI|Any CPU.Build.0 = Release|Any CPU
		{5D4EBC19-BA50-4356-B4EA-EB9034529194}.Debug|Any CPU.ActiveCfg = Debug|Any CPU
		{5D4EBC19-BA50-4356-B4EA-EB9034529194}.Debug|Any CPU.Build.0 = Debug|Any CPU
		{5D4EBC19-BA50-4356-B4EA-EB9034529194}.Release.Public|Any CPU.ActiveCfg = Release|Any CPU
		{5D4EBC19-BA50-4356-B4EA-EB9034529194}.Release.Public|Any CPU.Build.0 = Release|Any CPU
		{5D4EBC19-BA50-4356-B4EA-EB9034529194}.Release|Any CPU.ActiveCfg = Release|Any CPU
		{5D4EBC19-BA50-4356-B4EA-EB9034529194}.Release|Any CPU.Build.0 = Release|Any CPU
	EndGlobalSection
	GlobalSection(SolutionProperties) = preSolution
		HideSolutionNode = FALSE
	EndGlobalSection
EndGlobal
